
Microsoft Visual Studio Solution File, Format Version 12.00
# Visual Studio Version 17
VisualStudioVersion = 17.7.34024.191
MinimumVisualStudioVersion = 10.0.40219.1
Project("{FAE04EC0-301F-11D3-BF4B-00C04F79EFBC}") = "Lab7T1", "Lab7T1\Lab7T1.csproj", "{93BBC337-8BF8-42AA-9530-0BD0C10093A5}"
EndProject
Global
	GlobalSection(SolutionConfigurationPlatforms) = preSolution
		Debug|Any CPU = Debug|Any CPU
		Release|Any CPU = Release|Any CPU
	EndGlobalSection
	GlobalSection(ProjectConfigurationPlatforms) = postSolution
		{93BBC337-8BF8-42AA-9530-0BD0C10093A5}.Debug|Any CPU.ActiveCfg = Debug|Any CPU
		{93BBC337-8BF8-42AA-9530-0BD0C10093A5}.Debug|Any CPU.Build.0 = Debug|Any CPU
		{93BBC337-8BF8-42AA-9530-0BD0C10093A5}.Release|Any CPU.ActiveCfg = Release|Any CPU
		{93BBC337-8BF8-42AA-9530-0BD0C10093A5}.Release|Any CPU.Build.0 = Release|Any CPU
	EndGlobalSection
	GlobalSection(SolutionProperties) = preSolution
		HideSolutionNode = FALSE
	EndGlobalSection
	GlobalSection(ExtensibilityGlobals) = postSolution
		SolutionGuid = {4C12D492-F883-4170-B487-0AA3DA95309B}
	EndGlobalSection
EndGlobal
